// !$*UTF8*$!
{
	archiveVersion = 1;
	classes = {
	};
	objectVersion = 46;
	objects = {

/* Begin PBXBuildFile section */
		F502B1451F2BF87F00EB6581 /* AppDelegate.swift in Sources */ = {isa = PBXBuildFile; fileRef = F502B1441F2BF87F00EB6581 /* AppDelegate.swift */; };
		F502B1471F2BF87F00EB6581 /* ViewController.swift in Sources */ = {isa = PBXBuildFile; fileRef = F502B1461F2BF87F00EB6581 /* ViewController.swift */; };
		F502B14A1F2BF87F00EB6581 /* Main.storyboard in Resources */ = {isa = PBXBuildFile; fileRef = F502B1481F2BF87F00EB6581 /* Main.storyboard */; };
		F502B14C1F2BF87F00EB6581 /* Assets.xcassets in Resources */ = {isa = PBXBuildFile; fileRef = F502B14B1F2BF87F00EB6581 /* Assets.xcassets */; };
		F502B14F1F2BF87F00EB6581 /* LaunchScreen.storyboard in Resources */ = {isa = PBXBuildFile; fileRef = F502B14D1F2BF87F00EB6581 /* LaunchScreen.storyboard */; };
		F502B1571F2C0CED00EB6581 /* MemoriesViewController.swift in Sources */ = {isa = PBXBuildFile; fileRef = F502B1561F2C0CED00EB6581 /* MemoriesViewController.swift */; };
		F502B1591F2C0E1500EB6581 /* MemoryCell.swift in Sources */ = {isa = PBXBuildFile; fileRef = F502B1581F2C0E1500EB6581 /* MemoryCell.swift */; };
		F53FC8FF1F479BA20086754F /* MemorieDetailViewController.swift in Sources */ = {isa = PBXBuildFile; fileRef = F53FC8FE1F479BA20086754F /* MemorieDetailViewController.swift */; };
		F53FC9011F47A9830086754F /* URLHelper.swift in Sources */ = {isa = PBXBuildFile; fileRef = F53FC9001F47A9830086754F /* URLHelper.swift */; };
		F53FC9031F47B02A0086754F /* ImageHelper.swift in Sources */ = {isa = PBXBuildFile; fileRef = F53FC9021F47B02A0086754F /* ImageHelper.swift */; };
		F53FC9051F47B58C0086754F /* Memory.swift in Sources */ = {isa = PBXBuildFile; fileRef = F53FC9041F47B58C0086754F /* Memory.swift */; };
/* End PBXBuildFile section */

/* Begin PBXFileReference section */
		F502B1411F2BF87F00EB6581 /* myMemories.app */ = {isa = PBXFileReference; explicitFileType = wrapper.application; includeInIndex = 0; path = myMemories.app; sourceTree = BUILT_PRODUCTS_DIR; };
		F502B1441F2BF87F00EB6581 /* AppDelegate.swift */ = {isa = PBXFileReference; lastKnownFileType = sourcecode.swift; path = AppDelegate.swift; sourceTree = "<group>"; };
		F502B1461F2BF87F00EB6581 /* ViewController.swift */ = {isa = PBXFileReference; lastKnownFileType = sourcecode.swift; path = ViewController.swift; sourceTree = "<group>"; };
		F502B1491F2BF87F00EB6581 /* Base */ = {isa = PBXFileReference; lastKnownFileType = file.storyboard; name = Base; path = Base.lproj/Main.storyboard; sourceTree = "<group>"; };
		F502B14B1F2BF87F00EB6581 /* Assets.xcassets */ = {isa = PBXFileReference; lastKnownFileType = folder.assetcatalog; path = Assets.xcassets; sourceTree = "<group>"; };
		F502B14E1F2BF87F00EB6581 /* Base */ = {isa = PBXFileReference; lastKnownFileType = file.storyboard; name = Base; path = Base.lproj/LaunchScreen.storyboard; sourceTree = "<group>"; };
		F502B1501F2BF87F00EB6581 /* Info.plist */ = {isa = PBXFileReference; lastKnownFileType = text.plist.xml; path = Info.plist; sourceTree = "<group>"; };
		F502B1561F2C0CED00EB6581 /* MemoriesViewController.swift */ = {isa = PBXFileReference; fileEncoding = 4; lastKnownFileType = sourcecode.swift; path = MemoriesViewController.swift; sourceTree = "<group>"; };
		F502B1581F2C0E1500EB6581 /* MemoryCell.swift */ = {isa = PBXFileReference; fileEncoding = 4; lastKnownFileType = sourcecode.swift; path = MemoryCell.swift; sourceTree = "<group>"; };
		F53FC8FE1F479BA20086754F /* MemorieDetailViewController.swift */ = {isa = PBXFileReference; fileEncoding = 4; lastKnownFileType = sourcecode.swift; path = MemorieDetailViewController.swift; sourceTree = "<group>"; };
		F53FC9001F47A9830086754F /* URLHelper.swift */ = {isa = PBXFileReference; fileEncoding = 4; lastKnownFileType = sourcecode.swift; path = URLHelper.swift; sourceTree = "<group>"; };
		F53FC9021F47B02A0086754F /* ImageHelper.swift */ = {isa = PBXFileReference; fileEncoding = 4; lastKnownFileType = sourcecode.swift; path = ImageHelper.swift; sourceTree = "<group>"; };
		F53FC9041F47B58C0086754F /* Memory.swift */ = {isa = PBXFileReference; fileEncoding = 4; lastKnownFileType = sourcecode.swift; path = Memory.swift; sourceTree = "<group>"; };
/* End PBXFileReference section */

/* Begin PBXFrameworksBuildPhase section */
		F502B13E1F2BF87F00EB6581 /* Frameworks */ = {
			isa = PBXFrameworksBuildPhase;
			buildActionMask = 2147483647;
			files = (
			);
			runOnlyForDeploymentPostprocessing = 0;
		};
/* End PBXFrameworksBuildPhase section */

/* Begin PBXGroup section */
		F502B1381F2BF87F00EB6581 = {
			isa = PBXGroup;
			children = (
				F502B1431F2BF87F00EB6581 /* myMemories */,
				F502B1421F2BF87F00EB6581 /* Products */,
			);
			sourceTree = "<group>";
		};
		F502B1421F2BF87F00EB6581 /* Products */ = {
			isa = PBXGroup;
			children = (
				F502B1411F2BF87F00EB6581 /* myMemories.app */,
			);
			name = Products;
			sourceTree = "<group>";
		};
		F502B1431F2BF87F00EB6581 /* myMemories */ = {
			isa = PBXGroup;
			children = (
				F502B1441F2BF87F00EB6581 /* AppDelegate.swift */,
				F502B1461F2BF87F00EB6581 /* ViewController.swift */,
				F502B1481F2BF87F00EB6581 /* Main.storyboard */,
				F502B14B1F2BF87F00EB6581 /* Assets.xcassets */,
				F502B14D1F2BF87F00EB6581 /* LaunchScreen.storyboard */,
				F502B1501F2BF87F00EB6581 /* Info.plist */,
				F502B1561F2C0CED00EB6581 /* MemoriesViewController.swift */,
				F502B1581F2C0E1500EB6581 /* MemoryCell.swift */,
				F53FC8FE1F479BA20086754F /* MemorieDetailViewController.swift */,
				F53FC9001F47A9830086754F /* URLHelper.swift */,
				F53FC9021F47B02A0086754F /* ImageHelper.swift */,
				F53FC9041F47B58C0086754F /* Memory.swift */,
			);
			path = myMemories;
			sourceTree = "<group>";
		};
/* End PBXGroup section */

/* Begin PBXNativeTarget section */
		F502B1401F2BF87F00EB6581 /* myMemories */ = {
			isa = PBXNativeTarget;
			buildConfigurationList = F502B1531F2BF87F00EB6581 /* Build configuration list for PBXNativeTarget "myMemories" */;
			buildPhases = (
				F502B13D1F2BF87F00EB6581 /* Sources */,
				F502B13E1F2BF87F00EB6581 /* Frameworks */,
				F502B13F1F2BF87F00EB6581 /* Resources */,
			);
			buildRules = (
			);
			dependencies = (
			);
			name = myMemories;
			productName = myMemories;
			productReference = F502B1411F2BF87F00EB6581 /* myMemories.app */;
			productType = "com.apple.product-type.application";
		};
/* End PBXNativeTarget section */

/* Begin PBXProject section */
		F502B1391F2BF87F00EB6581 /* Project object */ = {
			isa = PBXProject;
			attributes = {
				LastSwiftUpdateCheck = 0830;
				LastUpgradeCheck = 0830;
				ORGANIZATIONNAME = br.utfpr;
				TargetAttributes = {
					F502B1401F2BF87F00EB6581 = {
						CreatedOnToolsVersion = 8.3.3;
						ProvisioningStyle = Automatic;
					};
				};
			};
			buildConfigurationList = F502B13C1F2BF87F00EB6581 /* Build configuration list for PBXProject "myMemories" */;
			compatibilityVersion = "Xcode 3.2";
			developmentRegion = English;
			hasScannedForEncodings = 0;
			knownRegions = (
				en,
				Base,
			);
			mainGroup = F502B1381F2BF87F00EB6581;
			productRefGroup = F502B1421F2BF87F00EB6581 /* Products */;
			projectDirPath = "";
			projectRoot = "";
			targets = (
				F502B1401F2BF87F00EB6581 /* myMemories */,
			);
		};
/* End PBXProject section */

/* Begin PBXResourcesBuildPhase section */
		F502B13F1F2BF87F00EB6581 /* Resources */ = {
			isa = PBXResourcesBuildPhase;
			buildActionMask = 2147483647;
			files = (
				F502B14F1F2BF87F00EB6581 /* LaunchScreen.storyboard in Resources */,
				F502B14C1F2BF87F00EB6581 /* Assets.xcassets in Resources */,
				F502B14A1F2BF87F00EB6581 /* Main.storyboard in Resources */,
			);
			runOnlyForDeploymentPostprocessing = 0;
		};
/* End PBXResourcesBuildPhase section */

/* Begin PBXSourcesBuildPhase section */
		F502B13D1F2BF87F00EB6581 /* Sources */ = {
			isa = PBXSourcesBuildPhase;
			buildActionMask = 2147483647;
			files = (
				F53FC9051F47B58C0086754F /* Memory.swift in Sources */,
				F502B1591F2C0E1500EB6581 /* MemoryCell.swift in Sources */,
				F53FC8FF1F479BA20086754F /* MemorieDetailViewController.swift in Sources */,
				F502B1571F2C0CED00EB6581 /* MemoriesViewController.swift in Sources */,
				F53FC9011F47A9830086754F /* URLHelper.swift in Sources */,
				F502B1471F2BF87F00EB6581 /* ViewController.swift in Sources */,
				F502B1451F2BF87F00EB6581 /* AppDelegate.swift in Sources */,
				F53FC9031F47B02A0086754F /* ImageHelper.swift in Sources */,
			);
			runOnlyForDeploymentPostprocessing = 0;
		};
/* End PBXSourcesBuildPhase section */

/* Begin PBXVariantGroup section */
		F502B1481F2BF87F00EB6581 /* Main.storyboard */ = {
			isa = PBXVariantGroup;
			children = (
				F502B1491F2BF87F00EB6581 /* Base */,
			);
			name = Main.storyboard;
			sourceTree = "<group>";
		};
		F502B14D1F2BF87F00EB6581 /* LaunchScreen.storyboard */ = {
			isa = PBXVariantGroup;
			children = (
				F502B14E1F2BF87F00EB6581 /* Base */,
			);
			name = LaunchScreen.storyboard;
			sourceTree = "<group>";
		};
/* End PBXVariantGroup section */

/* Begin XCBuildConfiguration section */
		F502B1511F2BF87F00EB6581 /* Debug */ = {
			isa = XCBuildConfiguration;
			buildSettings = {
				ALWAYS_SEARCH_USER_PATHS = NO;
				CLANG_ANALYZER_NONNULL = YES;
				CLANG_ANALYZER_NUMBER_OBJECT_CONVERSION = YES_AGGRESSIVE;
				CLANG_CXX_LANGUAGE_STANDARD = "gnu++0x";
				CLANG_CXX_LIBRARY = "libc++";
				CLANG_ENABLE_MODULES = YES;
				CLANG_ENABLE_OBJC_ARC = YES;
				CLANG_WARN_BOOL_CONVERSION = YES;
				CLANG_WARN_CONSTANT_CONVERSION = YES;
				CLANG_WARN_DIRECT_OBJC_ISA_USAGE = YES_ERROR;
				CLANG_WARN_DOCUMENTATION_COMMENTS = YES;
				CLANG_WARN_EMPTY_BODY = YES;
				CLANG_WARN_ENUM_CONVERSION = YES;
				CLANG_WARN_INFINITE_RECURSION = YES;
				CLANG_WARN_INT_CONVERSION = YES;
				CLANG_WARN_OBJC_ROOT_CLASS = YES_ERROR;
				CLANG_WARN_SUSPICIOUS_MOVE = YES;
				CLANG_WARN_UNREACHABLE_CODE = YES;
				CLANG_WARN__DUPLICATE_METHOD_MATCH = YES;
				"CODE_SIGN_IDENTITY[sdk=iphoneos*]" = "iPhone Developer";
				COPY_PHASE_STRIP = NO;
				DEBUG_INFORMATION_FORMAT = dwarf;
				ENABLE_STRICT_OBJC_MSGSEND = YES;
				ENABLE_TESTABILITY = YES;
				GCC_C_LANGUAGE_STANDARD = gnu99;
				GCC_DYNAMIC_NO_PIC = NO;
				GCC_NO_COMMON_BLOCKS = YES;
				GCC_OPTIMIZATION_LEVEL = 0;
				GCC_PREPROCESSOR_DEFINITIONS = (
					"DEBUG=1",
					"$(inherited)",
				);
				GCC_WARN_64_TO_32_BIT_CONVERSION = YES;
				GCC_WARN_ABOUT_RETURN_TYPE = YES_ERROR;
				GCC_WARN_UNDECLARED_SELECTOR = YES;
				GCC_WARN_UNINITIALIZED_AUTOS = YES_AGGRESSIVE;
				GCC_WARN_UNUSED_FUNCTION = YES;
				GCC_WARN_UNUSED_VARIABLE = YES;
				IPHONEOS_DEPLOYMENT_TARGET = 10.3;
				MTL_ENABLE_DEBUG_INFO = YES;
				ONLY_ACTIVE_ARCH = YES;
				SDKROOT = iphoneos;
				SWIFT_ACTIVE_COMPILATION_CONDITIONS = DEBUG;
				SWIFT_OPTIMIZATION_LEVEL = "-Onone";
			};
			name = Debug;
		};
		F502B1521F2BF87F00EB6581 /* Release */ = {
			isa = XCBuildConfiguration;
			buildSettings = {
				ALWAYS_SEARCH_USER_PATHS = NO;
				CLANG_ANALYZER_NONNULL = YES;
				CLANG_ANALYZER_NUMBER_OBJECT_CONVERSION = YES_AGGRESSIVE;
				CLANG_CXX_LANGUAGE_STANDARD = "gnu++0x";
				CLANG_CXX_LIBRARY = "libc++";
				CLANG_ENABLE_MODULES = YES;
				CLANG_ENABLE_OBJC_ARC = YES;
				CLANG_WARN_BOOL_CONVERSION = YES;
				CLANG_WARN_CONSTANT_CONVERSION = YES;
				CLANG_WARN_DIRECT_OBJC_ISA_USAGE = YES_ERROR;
				CLANG_WARN_DOCUMENTATION_COMMENTS = YES;
				CLANG_WARN_EMPTY_BODY = YES;
				CLANG_WARN_ENUM_CONVERSION = YES;
				CLANG_WARN_INFINITE_RECURSION = YES;
				CLANG_WARN_INT_CONVERSION = YES;
				CLANG_WARN_OBJC_ROOT_CLASS = YES_ERROR;
				CLANG_WARN_SUSPICIOUS_MOVE = YES;
				CLANG_WARN_UNREACHABLE_CODE = YES;
				CLANG_WARN__DUPLICATE_METHOD_MATCH = YES;
				"CODE_SIGN_IDENTITY[sdk=iphoneos*]" = "iPhone Developer";
				COPY_PHASE_STRIP = NO;
				DEBUG_INFORMATION_FORMAT = "dwarf-with-dsym";
				ENABLE_NS_ASSERTIONS = NO;
				ENABLE_STRICT_OBJC_MSGSEND = YES;
				GCC_C_LANGUAGE_STANDARD = gnu99;
				GCC_NO_COMMON_BLOCKS = YES;
				GCC_WARN_64_TO_32_BIT_CONVERSION = YES;
				GCC_WARN_ABOUT_RETURN_TYPE = YES_ERROR;
				GCC_WARN_UNDECLARED_SELECTOR = YES;
				GCC_WARN_UNINITIALIZED_AUTOS = YES_AGGRESSIVE;
				GCC_WARN_UNUSED_FUNCTION = YES;
				GCC_WARN_UNUSED_VARIABLE = YES;
				IPHONEOS_DEPLOYMENT_TARGET = 10.3;
				MTL_ENABLE_DEBUG_INFO = NO;
				SDKROOT = iphoneos;
				SWIFT_OPTIMIZATION_LEVEL = "-Owholemodule";
				VALIDATE_PRODUCT = YES;
			};
			name = Release;
		};
		F502B1541F2BF87F00EB6581 /* Debug */ = {
			isa = XCBuildConfiguration;
			buildSettings = {
				ASSETCATALOG_COMPILER_APPICON_NAME = AppIcon;
				INFOPLIST_FILE = myMemories/Info.plist;
				LD_RUNPATH_SEARCH_PATHS = "$(inherited) @executable_path/Frameworks";
				PRODUCT_BUNDLE_IDENTIFIER = br.utfpr.myMemories;
				PRODUCT_NAME = "$(TARGET_NAME)";
				SWIFT_VERSION = 3.0;
			};
			name = Debug;
		};
		F502B1551F2BF87F00EB6581 /* Release */ = {
			isa = XCBuildConfiguration;
			buildSettings = {
				ASSETCATALOG_COMPILER_APPICON_NAME = AppIcon;
				INFOPLIST_FILE = myMemories/Info.plist;
				LD_RUNPATH_SEARCH_PATHS = "$(inherited) @executable_path/Frameworks";
				PRODUCT_BUNDLE_IDENTIFIER = br.utfpr.myMemories;
				PRODUCT_NAME = "$(TARGET_NAME)";
				SWIFT_VERSION = 3.0;
			};
			name = Release;
		};
/* End XCBuildConfiguration section */

/* Begin XCConfigurationList section */
		F502B13C1F2BF87F00EB6581 /* Build configuration list for PBXProject "myMemories" */ = {
			isa = XCConfigurationList;
			buildConfigurations = (
				F502B1511F2BF87F00EB6581 /* Debug */,
				F502B1521F2BF87F00EB6581 /* Release */,
			);
			defaultConfigurationIsVisible = 0;
			defaultConfigurationName = Release;
		};
		F502B1531F2BF87F00EB6581 /* Build configuration list for PBXNativeTarget "myMemories" */ = {
			isa = XCConfigurationList;
			buildConfigurations = (
				F502B1541F2BF87F00EB6581 /* Debug */,
				F502B1551F2BF87F00EB6581 /* Release */,
			);
			defaultConfigurationIsVisible = 0;
			defaultConfigurationName = Release;
		};
/* End XCConfigurationList section */
	};
	rootObject = F502B1391F2BF87F00EB6581 /* Project object */;
}
